
Microsoft Visual Studio Solution File, Format Version 12.00
# Visual Studio Version 17
VisualStudioVersion = 17.13.35931.197 d17.13
MinimumVisualStudioVersion = 10.0.40219.1
Project("{FAE04EC0-301F-11D3-BF4B-00C04F79EFBC}") = "FatAdvisor.Console", "FatAdvisor.Console\FatAdvisor.Console.csproj", "{A3ED4067-8D7E-4215-A9EA-0C8B67D1176B}"
EndProject
Global
	GlobalSection(SolutionConfigurationPlatforms) = preSolution
		Debug|Any CPU = Debug|Any CPU
		Release|Any CPU = Release|Any CPU
	EndGlobalSection
	GlobalSection(ProjectConfigurationPlatforms) = postSolution
		{A3ED4067-8D7E-4215-A9EA-0C8B67D1176B}.Debug|Any CPU.ActiveCfg = Debug|Any CPU
		{A3ED4067-8D7E-4215-A9EA-0C8B67D1176B}.Debug|Any CPU.Build.0 = Debug|Any CPU
		{A3ED4067-8D7E-4215-A9EA-0C8B67D1176B}.Release|Any CPU.ActiveCfg = Release|Any CPU
		{A3ED4067-8D7E-4215-A9EA-0C8B67D1176B}.Release|Any CPU.Build.0 = Release|Any CPU
	EndGlobalSection
	GlobalSection(SolutionProperties) = preSolution
		HideSolutionNode = FALSE
	EndGlobalSection
	GlobalSection(ExtensibilityGlobals) = postSolution
		SolutionGuid = {385F3A97-16E5-432A-AAF3-E5B247BD2AF6}
	EndGlobalSection
EndGlobal
